
Microsoft Visual Studio Solution File, Format Version 12.00
# Visual Studio Version 17
VisualStudioVersion = 17.3.32929.385
MinimumVisualStudioVersion = 10.0.40219.1
Project("{FAE04EC0-301F-11D3-BF4B-00C04F79EFBC}") = "ServerSide", "ServerSide\ServerSide.csproj", "{8A8BED38-BCF1-406D-9225-EE3F6779A457}"
EndProject
Project("{54A90642-561A-4BB1-A94E-469ADEE60C69}") = "clientside", "ClientSide\clientside.esproj", "{DDAC78B7-73D8-4E42-9572-2F6959A9736D}"
EndProject
Global
	GlobalSection(SolutionConfigurationPlatforms) = preSolution
		Debug|Any CPU = Debug|Any CPU
		Release|Any CPU = Release|Any CPU
	EndGlobalSection
	GlobalSection(ProjectConfigurationPlatforms) = postSolution
		{8A8BED38-BCF1-406D-9225-EE3F6779A457}.Debug|Any CPU.ActiveCfg = Debug|Any CPU
		{8A8BED38-BCF1-406D-9225-EE3F6779A457}.Debug|Any CPU.Build.0 = Debug|Any CPU
		{8A8BED38-BCF1-406D-9225-EE3F6779A457}.Release|Any CPU.ActiveCfg = Release|Any CPU
		{8A8BED38-BCF1-406D-9225-EE3F6779A457}.Release|Any CPU.Build.0 = Release|Any CPU
		{DDAC78B7-73D8-4E42-9572-2F6959A9736D}.Debug|Any CPU.ActiveCfg = Debug|Any CPU
		{DDAC78B7-73D8-4E42-9572-2F6959A9736D}.Debug|Any CPU.Build.0 = Debug|Any CPU
		{DDAC78B7-73D8-4E42-9572-2F6959A9736D}.Debug|Any CPU.Deploy.0 = Debug|Any CPU
		{DDAC78B7-73D8-4E42-9572-2F6959A9736D}.Release|Any CPU.ActiveCfg = Release|Any CPU
		{DDAC78B7-73D8-4E42-9572-2F6959A9736D}.Release|Any CPU.Build.0 = Release|Any CPU
		{DDAC78B7-73D8-4E42-9572-2F6959A9736D}.Release|Any CPU.Deploy.0 = Release|Any CPU
	EndGlobalSection
	GlobalSection(SolutionProperties) = preSolution
		HideSolutionNode = FALSE
	EndGlobalSection
	GlobalSection(ExtensibilityGlobals) = postSolution
		SolutionGuid = {A80D261B-1449-4B6F-A5A6-66ED1730A196}
	EndGlobalSection
EndGlobal
